# THIS IS AN AUTOGENERATED FILE. DO NOT EDIT THIS FILE DIRECTLY.
# yarn lockfile v1


react-native-honeywell-barcode-reader@^1.0.6:
  version "1.0.6"
  resolved "https://registry.npm.taobao.org/react-native-honeywell-barcode-reader/download/react-native-honeywell-barcode-reader-1.0.6.tgz#b35c5e1b99a8ac47bb485111fdcdf9432d24a619"
  integrity sha1-s1xeG5morEe7SFER/c35Qy0kphk=
